
Microsoft Visual Studio Solution File, Format Version 12.00
# Visual Studio Version 17
VisualStudioVersion = 17.0.31903.59
MinimumVisualStudioVersion = 10.0.40219.1
Project("{FAE04EC0-301F-11D3-BF4B-00C04F79EFBC}") = "RepPay.API", "RepPay.API\RepPay.API.csproj", "{ED26E23B-C406-4D7C-89B3-3167D4438B58}"
EndProject
Project("{FAE04EC0-301F-11D3-BF4B-00C04F79EFBC}") = "RepPay.API.Tests", "RepPay.API.Tests\RepPay.API.Tests.csproj", "{AC3D455C-DE0A-4ADB-8477-9D53F3144762}"
EndProject
Global
	GlobalSection(SolutionConfigurationPlatforms) = preSolution
		Debug|Any CPU = Debug|Any CPU
		Debug|x64 = Debug|x64
		Debug|x86 = Debug|x86
		Release|Any CPU = Release|Any CPU
		Release|x64 = Release|x64
		Release|x86 = Release|x86
	EndGlobalSection
	GlobalSection(ProjectConfigurationPlatforms) = postSolution
		{ED26E23B-C406-4D7C-89B3-3167D4438B58}.Debug|Any CPU.ActiveCfg = Debug|Any CPU
		{ED26E23B-C406-4D7C-89B3-3167D4438B58}.Debug|Any CPU.Build.0 = Debug|Any CPU
		{ED26E23B-C406-4D7C-89B3-3167D4438B58}.Debug|x64.ActiveCfg = Debug|Any CPU
		{ED26E23B-C406-4D7C-89B3-3167D4438B58}.Debug|x64.Build.0 = Debug|Any CPU
		{ED26E23B-C406-4D7C-89B3-3167D4438B58}.Debug|x86.ActiveCfg = Debug|Any CPU
		{ED26E23B-C406-4D7C-89B3-3167D4438B58}.Debug|x86.Build.0 = Debug|Any CPU
		{ED26E23B-C406-4D7C-89B3-3167D4438B58}.Release|Any CPU.ActiveCfg = Release|Any CPU
		{ED26E23B-C406-4D7C-89B3-3167D4438B58}.Release|Any CPU.Build.0 = Release|Any CPU
		{ED26E23B-C406-4D7C-89B3-3167D4438B58}.Release|x64.ActiveCfg = Release|Any CPU
		{ED26E23B-C406-4D7C-89B3-3167D4438B58}.Release|x64.Build.0 = Release|Any CPU
		{ED26E23B-C406-4D7C-89B3-3167D4438B58}.Release|x86.ActiveCfg = Release|Any CPU
		{ED26E23B-C406-4D7C-89B3-3167D4438B58}.Release|x86.Build.0 = Release|Any CPU
		{AC3D455C-DE0A-4ADB-8477-9D53F3144762}.Debug|Any CPU.ActiveCfg = Debug|Any CPU
		{AC3D455C-DE0A-4ADB-8477-9D53F3144762}.Debug|Any CPU.Build.0 = Debug|Any CPU
		{AC3D455C-DE0A-4ADB-8477-9D53F3144762}.Debug|x64.ActiveCfg = Debug|Any CPU
		{AC3D455C-DE0A-4ADB-8477-9D53F3144762}.Debug|x64.Build.0 = Debug|Any CPU
		{AC3D455C-DE0A-4ADB-8477-9D53F3144762}.Debug|x86.ActiveCfg = Debug|Any CPU
		{AC3D455C-DE0A-4ADB-8477-9D53F3144762}.Debug|x86.Build.0 = Debug|Any CPU
		{AC3D455C-DE0A-4ADB-8477-9D53F3144762}.Release|Any CPU.ActiveCfg = Release|Any CPU
		{AC3D455C-DE0A-4ADB-8477-9D53F3144762}.Release|Any CPU.Build.0 = Release|Any CPU
		{AC3D455C-DE0A-4ADB-8477-9D53F3144762}.Release|x64.ActiveCfg = Release|Any CPU
		{AC3D455C-DE0A-4ADB-8477-9D53F3144762}.Release|x64.Build.0 = Release|Any CPU
		{AC3D455C-DE0A-4ADB-8477-9D53F3144762}.Release|x86.ActiveCfg = Release|Any CPU
		{AC3D455C-DE0A-4ADB-8477-9D53F3144762}.Release|x86.Build.0 = Release|Any CPU
	EndGlobalSection
	GlobalSection(SolutionProperties) = preSolution
		HideSolutionNode = FALSE
	EndGlobalSection
EndGlobal
